{
  "name": "simple-auth-website",
  "version": "1.0.0",
  "lockfileVersion": 2,
  "requires": true,
  "packages": {
    "": {
      "name": "simple-auth-website",
      "version": "1.0.0",
      "dependencies": {
        "bcryptjs": "^2.4.0",
        "body-parser": "^1.20.0",
        "cookie-parser": "^1.4.0",
        "express": "^4.18.0",
        "express-session": "^1.17.0"
      },
      "engines": {
        "node": ">=18.0.0"
      }
    },
    "node_modules/bcryptjs": {
      "version": "2.4.3",
      "resolved": "https://registry.npmjs.org/bcryptjs/-/bcryptjs-2.4.3.tgz",
      "integrity": "sha512-V/Hy/X9Vt7f3BbPJEi8BdVFMByHi+jNXrYkW3huaybV/kQ0KJg0Y6PkEMbn+zeT+i+SiKZ/HMqJGIIt4LZDqNQ=="
    },
    "node_modules/body-parser": {
      "version": "1.20.2",
      "resolved": "https://registry.npmjs.org/body-parser/-/body-parser-1.20.2.tgz",
      "integrity": "sha512-ml9pReCu3M61kGlqoTm2umSXTlRTuGTx0bfYj+uIUKKYycG5NtSbeetV3faSU6R7ajOPw0g/J1PvK4qNy7s5bA=="
    },
    "node_modules/cookie-parser": {
      "version": "1.4.6",
      "resolved": "https://registry.npmjs.org/cookie-parser/-/cookie-parser-1.4.6.tgz",
      "integrity": "sha512-z3IzaNjdwUC2olLIB5/ITd0/setiaFMLYiZJle7xg5Fe9KWAceil7xszYfHHBtDFYLSgJduS2Ty0P1uJdPDJeA=="
    },
    "node_modules/express": {
      "version": "4.18.3",
      "resolved": "https://registry.npmjs.org/express/-/express-4.18.3.tgz",
      "integrity": "sha512-6VyCijWQ+9O7WuVMTRBTl+cjNNIzD5cY5mQ1WM8r/LEkI2u8EYpOotESNwzNlyCn3g+dmjKYI6BmNneSr/FSRw=="
    },
    "node_modules/express-session": {
      "version": "1.17.3",
      "resolved": "https://registry.npmjs.org/express-session/-/express-session-1.17.3.tgz",
      "integrity": "sha512-4+otWXlShYlG1Ma+2Jnn+xgKUZTMJ5QD3YvfilX3AcocOAbIkVylSWEklzALe/+Pu4qV6TYBj5GwOBFfdKqLBw=="
    }
  }
}
