{
  "name": "simple-auth-website",
  "version": "1.0.0",
  "lockfileVersion": 2,
  "requires": true,
  "packages": {
    "": {
      "name": "simple-auth-website",
      "version": "1.0.0",
      "dependencies": {
        "bcryptjs": "^2.4.0",
        "express": "^4.18.0",
        "express-session": "^1.17.0"
      },
      "engines": {
        "node": ">=18.0.0"
      }
    },
    "node_modules/bcryptjs": {
      "version": "2.4.3",
      "resolved": "https://registry.npmjs.org/bcryptjs/-/bcryptjs-2.4.3.tgz",
      "integrity": "sha512-V/Hy/X9Vt7f3BbPJEi8BdVFMByHi+jNXrYkW3huaybV/kQ0KJg0Y6PkEMbn+zeT+i+SiKZ/HMqJGIIt4LZDqNQ=="
    },
    "node_modules/express": {
      "version": "4.18.3",
      "resolved": "https://registry.npmjs.org/express/-/express-4.18.3.tgz",
      "integrity": "sha512-6VyCijWQ+9O7WuVMTRBTl+cjNNIzD5cY5mQ1WM8r/LEkI2u8EYpOotESNwzNlyCn3g+dmjKYI6BmNneSr/FSRw=="
    },
    "node_modules/express-session": {
      "version": "1.17.3",
      "resolved": "https://registry.npmjs.org/express-session/-/express-session-1.17.3.tgz",
      "integrity": "sha512-4+otWXlShYlG1Ma+2Jnn+xgKUZTMJ5QD3YvfilX3AcocOAbIkVylSWEklzALe/+Pu4qV6TYBj5GwOBFfdKqLBw=="
    }
  }
}
